// !$*UTF8*$!
{
	archiveVersion = 1;
	classes = {
	};
	objectVersion = 50;
	objects = {

/* Begin PBXBuildFile section */
		421E838220BC67E200D7A9EC /* (null) in Resources */ = {isa = PBXBuildFile; };
		421E838320BC67E500D7A9EC /* (null) in Resources */ = {isa = PBXBuildFile; };
		421E838420BC67E900D7A9EC /* (null) in Resources */ = {isa = PBXBuildFile; };
		421E838520BC67EC00D7A9EC /* (null) in Resources */ = {isa = PBXBuildFile; };
		421E838620BC67F000D7A9EC /* (null) in Resources */ = {isa = PBXBuildFile; };
		421E838720BC67F200D7A9EC /* (null) in Resources */ = {isa = PBXBuildFile; };
		42814E9420B8939200756BBE /* UIViewExtensions.swift in Sources */ = {isa = PBXBuildFile; fileRef = 42814E9320B8939200756BBE /* UIViewExtensions.swift */; };
		42814E9720B893F200756BBE /* HomeView.swift in Sources */ = {isa = PBXBuildFile; fileRef = 42814E9620B893F200756BBE /* HomeView.swift */; };
		42814E9920B894D600756BBE /* Navigator.swift in Sources */ = {isa = PBXBuildFile; fileRef = 42814E9820B894D600756BBE /* Navigator.swift */; };
		42814E9B20B8956D00756BBE /* AppNavigator.swift in Sources */ = {isa = PBXBuildFile; fileRef = 42814E9A20B8956D00756BBE /* AppNavigator.swift */; };
		42814E9D20B8968E00756BBE /* MainNavigator.swift in Sources */ = {isa = PBXBuildFile; fileRef = 42814E9C20B8968E00756BBE /* MainNavigator.swift */; };
		42814EA020B8978F00756BBE /* ViewControllerFactory.swift in Sources */ = {isa = PBXBuildFile; fileRef = 42814E9F20B8978F00756BBE /* ViewControllerFactory.swift */; };
		42814EA220B897CB00756BBE /* DependencyContainer.swift in Sources */ = {isa = PBXBuildFile; fileRef = 42814EA120B897CB00756BBE /* DependencyContainer.swift */; };
		42814EA520B89FAD00756BBE /* Repository.swift in Sources */ = {isa = PBXBuildFile; fileRef = 42814EA420B89FAD00756BBE /* Repository.swift */; };
		42814EA720B8A02800756BBE /* User.swift in Sources */ = {isa = PBXBuildFile; fileRef = 42814EA620B8A02800756BBE /* User.swift */; };
		42899B1E20BC60C5001665D7 /* 1ForgeAPIClient.swift in Sources */ = {isa = PBXBuildFile; fileRef = 42899B1D20BC60C5001665D7 /* 1ForgeAPIClient.swift */; };
		42C29B1F20BC6E4F006ADCF8 /* Pods_BaseApp.framework in Frameworks */ = {isa = PBXBuildFile; fileRef = 42C29B1E20BC6E4F006ADCF8 /* Pods_BaseApp.framework */; };
		42CFA0AC20B88C9700F38FDE /* AppDelegate.swift in Sources */ = {isa = PBXBuildFile; fileRef = 42CFA0AB20B88C9700F38FDE /* AppDelegate.swift */; };
		42CFA0AE20B88C9700F38FDE /* HomeViewController.swift in Sources */ = {isa = PBXBuildFile; fileRef = 42CFA0AD20B88C9700F38FDE /* HomeViewController.swift */; };
		42CFA0B320B88C9800F38FDE /* Assets.xcassets in Resources */ = {isa = PBXBuildFile; fileRef = 42CFA0B220B88C9800F38FDE /* Assets.xcassets */; };
		42CFA0B620B88C9800F38FDE /* LaunchScreen.storyboard in Resources */ = {isa = PBXBuildFile; fileRef = 42CFA0B420B88C9800F38FDE /* LaunchScreen.storyboard */; };
		42CFA0C120B88C9800F38FDE /* BaseAppTests.swift in Sources */ = {isa = PBXBuildFile; fileRef = 42CFA0C020B88C9800F38FDE /* BaseAppTests.swift */; };
		42CFA0CC20B88C9800F38FDE /* BaseAppUITests.swift in Sources */ = {isa = PBXBuildFile; fileRef = 42CFA0CB20B88C9800F38FDE /* BaseAppUITests.swift */; };
		A0CA1BF17DC84E1B50AD36CE /* Pods_BaseAppTests.framework in Frameworks */ = {isa = PBXBuildFile; fileRef = 32E56BF4ED7937850085A06A /* Pods_BaseAppTests.framework */; };
		F3811BAC62BD14D8A5FEAB7F /* Pods_BaseAppUITests.framework in Frameworks */ = {isa = PBXBuildFile; fileRef = D21349381638DEAFC00445CB /* Pods_BaseAppUITests.framework */; };
/* End PBXBuildFile section */

/* Begin PBXContainerItemProxy section */
		42CFA0BD20B88C9800F38FDE /* PBXContainerItemProxy */ = {
			isa = PBXContainerItemProxy;
			containerPortal = 42CFA0A020B88C9700F38FDE /* Project object */;
			proxyType = 1;
			remoteGlobalIDString = 42CFA0A720B88C9700F38FDE;
			remoteInfo = BaseApp;
		};
		42CFA0C820B88C9800F38FDE /* PBXContainerItemProxy */ = {
			isa = PBXContainerItemProxy;
			containerPortal = 42CFA0A020B88C9700F38FDE /* Project object */;
			proxyType = 1;
			remoteGlobalIDString = 42CFA0A720B88C9700F38FDE;
			remoteInfo = BaseApp;
		};
/* End PBXContainerItemProxy section */

/* Begin PBXFileReference section */
		0D9F488947F9BA9EB7D5B25E /* Pods-BaseApp.debug.xcconfig */ = {isa = PBXFileReference; includeInIndex = 1; lastKnownFileType = text.xcconfig; name = "Pods-BaseApp.debug.xcconfig"; path = "Pods/Target Support Files/Pods-BaseApp/Pods-BaseApp.debug.xcconfig"; sourceTree = "<group>"; };
		1989F5E0D8BA5F8921FE42A6 /* Pods-BaseAppUITests.release.xcconfig */ = {isa = PBXFileReference; includeInIndex = 1; lastKnownFileType = text.xcconfig; name = "Pods-BaseAppUITests.release.xcconfig"; path = "Pods/Target Support Files/Pods-BaseAppUITests/Pods-BaseAppUITests.release.xcconfig"; sourceTree = "<group>"; };
		1CCC7331F045403623D42900 /* Pods-BaseApp.release.xcconfig */ = {isa = PBXFileReference; includeInIndex = 1; lastKnownFileType = text.xcconfig; name = "Pods-BaseApp.release.xcconfig"; path = "Pods/Target Support Files/Pods-BaseApp/Pods-BaseApp.release.xcconfig"; sourceTree = "<group>"; };
		32E56BF4ED7937850085A06A /* Pods_BaseAppTests.framework */ = {isa = PBXFileReference; explicitFileType = wrapper.framework; includeInIndex = 0; path = Pods_BaseAppTests.framework; sourceTree = BUILT_PRODUCTS_DIR; };
		3C65E6B5A6343DF4E31D2814 /* Pods_BaseApp.framework */ = {isa = PBXFileReference; explicitFileType = wrapper.framework; includeInIndex = 0; path = Pods_BaseApp.framework; sourceTree = BUILT_PRODUCTS_DIR; };
		4212E92E20BC6AE1000FAB01 /* Alamofire.framework */ = {isa = PBXFileReference; explicitFileType = wrapper.framework; path = Alamofire.framework; sourceTree = BUILT_PRODUCTS_DIR; };
		4212E93020BC6AE5000FAB01 /* RxSwift.framework */ = {isa = PBXFileReference; explicitFileType = wrapper.framework; path = RxSwift.framework; sourceTree = BUILT_PRODUCTS_DIR; };
		42814E9320B8939200756BBE /* UIViewExtensions.swift */ = {isa = PBXFileReference; lastKnownFileType = sourcecode.swift; path = UIViewExtensions.swift; sourceTree = "<group>"; };
		42814E9620B893F200756BBE /* HomeView.swift */ = {isa = PBXFileReference; lastKnownFileType = sourcecode.swift; path = HomeView.swift; sourceTree = "<group>"; };
		42814E9820B894D600756BBE /* Navigator.swift */ = {isa = PBXFileReference; lastKnownFileType = sourcecode.swift; path = Navigator.swift; sourceTree = "<group>"; };
		42814E9A20B8956D00756BBE /* AppNavigator.swift */ = {isa = PBXFileReference; lastKnownFileType = sourcecode.swift; path = AppNavigator.swift; sourceTree = "<group>"; };
		42814E9C20B8968E00756BBE /* MainNavigator.swift */ = {isa = PBXFileReference; lastKnownFileType = sourcecode.swift; path = MainNavigator.swift; sourceTree = "<group>"; };
		42814E9F20B8978F00756BBE /* ViewControllerFactory.swift */ = {isa = PBXFileReference; lastKnownFileType = sourcecode.swift; path = ViewControllerFactory.swift; sourceTree = "<group>"; };
		42814EA120B897CB00756BBE /* DependencyContainer.swift */ = {isa = PBXFileReference; lastKnownFileType = sourcecode.swift; path = DependencyContainer.swift; sourceTree = "<group>"; };
		42814EA420B89FAD00756BBE /* Repository.swift */ = {isa = PBXFileReference; lastKnownFileType = sourcecode.swift; path = Repository.swift; sourceTree = "<group>"; };
		42814EA620B8A02800756BBE /* User.swift */ = {isa = PBXFileReference; lastKnownFileType = sourcecode.swift; path = User.swift; sourceTree = "<group>"; };
		42899B1D20BC60C5001665D7 /* 1ForgeAPIClient.swift */ = {isa = PBXFileReference; lastKnownFileType = sourcecode.swift; path = 1ForgeAPIClient.swift; sourceTree = "<group>"; };
		42C29B1C20BC6DA1006ADCF8 /* Pods_BaseApp.framework */ = {isa = PBXFileReference; explicitFileType = wrapper.framework; path = Pods_BaseApp.framework; sourceTree = BUILT_PRODUCTS_DIR; };
		42C29B1E20BC6E4F006ADCF8 /* Pods_BaseApp.framework */ = {isa = PBXFileReference; explicitFileType = wrapper.framework; path = Pods_BaseApp.framework; sourceTree = BUILT_PRODUCTS_DIR; };
		42CFA0A820B88C9700F38FDE /* BaseApp.app */ = {isa = PBXFileReference; explicitFileType = wrapper.application; includeInIndex = 0; path = BaseApp.app; sourceTree = BUILT_PRODUCTS_DIR; };
		42CFA0AB20B88C9700F38FDE /* AppDelegate.swift */ = {isa = PBXFileReference; lastKnownFileType = sourcecode.swift; path = AppDelegate.swift; sourceTree = "<group>"; };
		42CFA0AD20B88C9700F38FDE /* HomeViewController.swift */ = {isa = PBXFileReference; lastKnownFileType = sourcecode.swift; path = HomeViewController.swift; sourceTree = "<group>"; };
		42CFA0B220B88C9800F38FDE /* Assets.xcassets */ = {isa = PBXFileReference; lastKnownFileType = folder.assetcatalog; path = Assets.xcassets; sourceTree = "<group>"; };
		42CFA0B520B88C9800F38FDE /* Base */ = {isa = PBXFileReference; lastKnownFileType = file.storyboard; name = Base; path = Base.lproj/LaunchScreen.storyboard; sourceTree = "<group>"; };
		42CFA0B720B88C9800F38FDE /* Info.plist */ = {isa = PBXFileReference; lastKnownFileType = text.plist.xml; path = Info.plist; sourceTree = "<group>"; };
		42CFA0BC20B88C9800F38FDE /* BaseAppTests.xctest */ = {isa = PBXFileReference; explicitFileType = wrapper.cfbundle; includeInIndex = 0; path = BaseAppTests.xctest; sourceTree = BUILT_PRODUCTS_DIR; };
		42CFA0C020B88C9800F38FDE /* BaseAppTests.swift */ = {isa = PBXFileReference; lastKnownFileType = sourcecode.swift; path = BaseAppTests.swift; sourceTree = "<group>"; };
		42CFA0C220B88C9800F38FDE /* Info.plist */ = {isa = PBXFileReference; lastKnownFileType = text.plist.xml; path = Info.plist; sourceTree = "<group>"; };
		42CFA0C720B88C9800F38FDE /* BaseAppUITests.xctest */ = {isa = PBXFileReference; explicitFileType = wrapper.cfbundle; includeInIndex = 0; path = BaseAppUITests.xctest; sourceTree = BUILT_PRODUCTS_DIR; };
		42CFA0CB20B88C9800F38FDE /* BaseAppUITests.swift */ = {isa = PBXFileReference; lastKnownFileType = sourcecode.swift; path = BaseAppUITests.swift; sourceTree = "<group>"; };
		42CFA0CD20B88C9800F38FDE /* Info.plist */ = {isa = PBXFileReference; lastKnownFileType = text.plist.xml; path = Info.plist; sourceTree = "<group>"; };
		9247B2BE1604880E12FDA16E /* Pods-BaseAppTests.debug.xcconfig */ = {isa = PBXFileReference; includeInIndex = 1; lastKnownFileType = text.xcconfig; name = "Pods-BaseAppTests.debug.xcconfig"; path = "Pods/Target Support Files/Pods-BaseAppTests/Pods-BaseAppTests.debug.xcconfig"; sourceTree = "<group>"; };
		C7EF7FED21AF1182B74058B6 /* Pods-BaseAppTests.release.xcconfig */ = {isa = PBXFileReference; includeInIndex = 1; lastKnownFileType = text.xcconfig; name = "Pods-BaseAppTests.release.xcconfig"; path = "Pods/Target Support Files/Pods-BaseAppTests/Pods-BaseAppTests.release.xcconfig"; sourceTree = "<group>"; };
		D21349381638DEAFC00445CB /* Pods_BaseAppUITests.framework */ = {isa = PBXFileReference; explicitFileType = wrapper.framework; includeInIndex = 0; path = Pods_BaseAppUITests.framework; sourceTree = BUILT_PRODUCTS_DIR; };
		F0DE3BA7285F23CD1C7E33C3 /* Pods-BaseAppUITests.debug.xcconfig */ = {isa = PBXFileReference; includeInIndex = 1; lastKnownFileType = text.xcconfig; name = "Pods-BaseAppUITests.debug.xcconfig"; path = "Pods/Target Support Files/Pods-BaseAppUITests/Pods-BaseAppUITests.debug.xcconfig"; sourceTree = "<group>"; };
/* End PBXFileReference section */

/* Begin PBXFrameworksBuildPhase section */
		42CFA0A520B88C9700F38FDE /* Frameworks */ = {
			isa = PBXFrameworksBuildPhase;
			buildActionMask = 2147483647;
			files = (
				42C29B1F20BC6E4F006ADCF8 /* Pods_BaseApp.framework in Frameworks */,
			);
			runOnlyForDeploymentPostprocessing = 0;
		};
		42CFA0B920B88C9800F38FDE /* Frameworks */ = {
			isa = PBXFrameworksBuildPhase;
			buildActionMask = 2147483647;
			files = (
				A0CA1BF17DC84E1B50AD36CE /* Pods_BaseAppTests.framework in Frameworks */,
			);
			runOnlyForDeploymentPostprocessing = 0;
		};
		42CFA0C420B88C9800F38FDE /* Frameworks */ = {
			isa = PBXFrameworksBuildPhase;
			buildActionMask = 2147483647;
			files = (
				F3811BAC62BD14D8A5FEAB7F /* Pods_BaseAppUITests.framework in Frameworks */,
			);
			runOnlyForDeploymentPostprocessing = 0;
		};
/* End PBXFrameworksBuildPhase section */

/* Begin PBXGroup section */
		130C94B1ACF804F6A986D80E /* Frameworks */ = {
			isa = PBXGroup;
			children = (
				42C29B1E20BC6E4F006ADCF8 /* Pods_BaseApp.framework */,
				42C29B1C20BC6DA1006ADCF8 /* Pods_BaseApp.framework */,
				4212E93020BC6AE5000FAB01 /* RxSwift.framework */,
				4212E92E20BC6AE1000FAB01 /* Alamofire.framework */,
				3C65E6B5A6343DF4E31D2814 /* Pods_BaseApp.framework */,
				32E56BF4ED7937850085A06A /* Pods_BaseAppTests.framework */,
				D21349381638DEAFC00445CB /* Pods_BaseAppUITests.framework */,
			);
			name = Frameworks;
			sourceTree = "<group>";
		};
		42814E8E20B892D900756BBE /* Navigation */ = {
			isa = PBXGroup;
			children = (
				42814E9820B894D600756BBE /* Navigator.swift */,
				42814E9A20B8956D00756BBE /* AppNavigator.swift */,
				42814E9C20B8968E00756BBE /* MainNavigator.swift */,
			);
			path = Navigation;
			sourceTree = "<group>";
		};
		42814E8F20B8930500756BBE /* Models */ = {
			isa = PBXGroup;
			children = (
				42814EA620B8A02800756BBE /* User.swift */,
			);
			path = Models;
			sourceTree = "<group>";
		};
		42814E9020B8932B00756BBE /* UI */ = {
			isa = PBXGroup;
			children = (
				42814E9520B893D500756BBE /* Home */,
			);
			path = UI;
			sourceTree = "<group>";
		};
		42814E9120B8934800756BBE /* Network */ = {
			isa = PBXGroup;
			children = (
				42899B1D20BC60C5001665D7 /* 1ForgeAPIClient.swift */,
			);
			path = Network;
			sourceTree = "<group>";
		};
		42814E9520B893D500756BBE /* Home */ = {
			isa = PBXGroup;
			children = (
				42CFA0AD20B88C9700F38FDE /* HomeViewController.swift */,
				42814E9620B893F200756BBE /* HomeView.swift */,
			);
			path = Home;
			sourceTree = "<group>";
		};
		42814E9E20B8977600756BBE /* Factories */ = {
			isa = PBXGroup;
			children = (
				42814E9F20B8978F00756BBE /* ViewControllerFactory.swift */,
				42814EA120B897CB00756BBE /* DependencyContainer.swift */,
			);
			path = Factories;
			sourceTree = "<group>";
		};
		42814EA320B89F6500756BBE /* Storage */ = {
			isa = PBXGroup;
			children = (
				42814EA420B89FAD00756BBE /* Repository.swift */,
			);
			path = Storage;
			sourceTree = "<group>";
		};
		42CFA09F20B88C9700F38FDE = {
			isa = PBXGroup;
			children = (
				42CFA0AA20B88C9700F38FDE /* BaseApp */,
				42CFA0BF20B88C9800F38FDE /* BaseAppTests */,
				42CFA0CA20B88C9800F38FDE /* BaseAppUITests */,
				42CFA0A920B88C9700F38FDE /* Products */,
				130C94B1ACF804F6A986D80E /* Frameworks */,
				7D43631CDFE57F5BF7570917 /* Pods */,
			);
			sourceTree = "<group>";
		};
		42CFA0A920B88C9700F38FDE /* Products */ = {
			isa = PBXGroup;
			children = (
				42CFA0A820B88C9700F38FDE /* BaseApp.app */,
				42CFA0BC20B88C9800F38FDE /* BaseAppTests.xctest */,
				42CFA0C720B88C9800F38FDE /* BaseAppUITests.xctest */,
			);
			name = Products;
			sourceTree = "<group>";
		};
		42CFA0AA20B88C9700F38FDE /* BaseApp */ = {
			isa = PBXGroup;
			children = (
				42814EA320B89F6500756BBE /* Storage */,
				42814E9E20B8977600756BBE /* Factories */,
				42814E9120B8934800756BBE /* Network */,
				42814E9020B8932B00756BBE /* UI */,
				42814E8F20B8930500756BBE /* Models */,
				42814E8E20B892D900756BBE /* Navigation */,
				42CFA0AB20B88C9700F38FDE /* AppDelegate.swift */,
				42CFA0B220B88C9800F38FDE /* Assets.xcassets */,
				42CFA0B420B88C9800F38FDE /* LaunchScreen.storyboard */,
				42CFA0B720B88C9800F38FDE /* Info.plist */,
				42814E9320B8939200756BBE /* UIViewExtensions.swift */,
			);
			path = BaseApp;
			sourceTree = "<group>";
		};
		42CFA0BF20B88C9800F38FDE /* BaseAppTests */ = {
			isa = PBXGroup;
			children = (
				42CFA0C020B88C9800F38FDE /* BaseAppTests.swift */,
				42CFA0C220B88C9800F38FDE /* Info.plist */,
			);
			path = BaseAppTests;
			sourceTree = "<group>";
		};
		42CFA0CA20B88C9800F38FDE /* BaseAppUITests */ = {
			isa = PBXGroup;
			children = (
				42CFA0CB20B88C9800F38FDE /* BaseAppUITests.swift */,
				42CFA0CD20B88C9800F38FDE /* Info.plist */,
			);
			path = BaseAppUITests;
			sourceTree = "<group>";
		};
		7D43631CDFE57F5BF7570917 /* Pods */ = {
			isa = PBXGroup;
			children = (
				0D9F488947F9BA9EB7D5B25E /* Pods-BaseApp.debug.xcconfig */,
				1CCC7331F045403623D42900 /* Pods-BaseApp.release.xcconfig */,
				9247B2BE1604880E12FDA16E /* Pods-BaseAppTests.debug.xcconfig */,
				C7EF7FED21AF1182B74058B6 /* Pods-BaseAppTests.release.xcconfig */,
				F0DE3BA7285F23CD1C7E33C3 /* Pods-BaseAppUITests.debug.xcconfig */,
				1989F5E0D8BA5F8921FE42A6 /* Pods-BaseAppUITests.release.xcconfig */,
			);
			name = Pods;
			sourceTree = "<group>";
		};
/* End PBXGroup section */

/* Begin PBXNativeTarget section */
		42CFA0A720B88C9700F38FDE /* BaseApp */ = {
			isa = PBXNativeTarget;
			buildConfigurationList = 42CFA0D020B88C9900F38FDE /* Build configuration list for PBXNativeTarget "BaseApp" */;
			buildPhases = (
				841C6A897B9937CE5B03EA18 /* [CP] Check Pods Manifest.lock */,
				42CFA0A420B88C9700F38FDE /* Sources */,
				42CFA0A520B88C9700F38FDE /* Frameworks */,
				42CFA0A620B88C9700F38FDE /* Resources */,
				AC84854AB69AF9BF6832D762 /* [CP] Embed Pods Frameworks */,
				C7367D0EFD4644B55A1399FD /* [CP] Copy Pods Resources */,
			);
			buildRules = (
			);
			dependencies = (
			);
			name = BaseApp;
			productName = BaseApp;
			productReference = 42CFA0A820B88C9700F38FDE /* BaseApp.app */;
			productType = "com.apple.product-type.application";
		};
		42CFA0BB20B88C9800F38FDE /* BaseAppTests */ = {
			isa = PBXNativeTarget;
			buildConfigurationList = 42CFA0D320B88C9900F38FDE /* Build configuration list for PBXNativeTarget "BaseAppTests" */;
			buildPhases = (
				2C9F9BCA713E06141D6BC6FC /* [CP] Check Pods Manifest.lock */,
				42CFA0B820B88C9800F38FDE /* Sources */,
				42CFA0B920B88C9800F38FDE /* Frameworks */,
				42CFA0BA20B88C9800F38FDE /* Resources */,
				D5D333A4324C23C97C309C1B /* [CP] Embed Pods Frameworks */,
				223F41B771B16AC0B27C53AB /* [CP] Copy Pods Resources */,
			);
			buildRules = (
			);
			dependencies = (
				42CFA0BE20B88C9800F38FDE /* PBXTargetDependency */,
			);
			name = BaseAppTests;
			productName = BaseAppTests;
			productReference = 42CFA0BC20B88C9800F38FDE /* BaseAppTests.xctest */;
			productType = "com.apple.product-type.bundle.unit-test";
		};
		42CFA0C620B88C9800F38FDE /* BaseAppUITests */ = {
			isa = PBXNativeTarget;
			buildConfigurationList = 42CFA0D620B88C9900F38FDE /* Build configuration list for PBXNativeTarget "BaseAppUITests" */;
			buildPhases = (
				2823D2ADD0C320D9021DE96D /* [CP] Check Pods Manifest.lock */,
				42CFA0C320B88C9800F38FDE /* Sources */,
				42CFA0C420B88C9800F38FDE /* Frameworks */,
				42CFA0C520B88C9800F38FDE /* Resources */,
				63042A3026379156EEE28678 /* [CP] Embed Pods Frameworks */,
				E3F91C5FB687D8F251E8D74B /* [CP] Copy Pods Resources */,
			);
			buildRules = (
			);
			dependencies = (
				42CFA0C920B88C9800F38FDE /* PBXTargetDependency */,
			);
			name = BaseAppUITests;
			productName = BaseAppUITests;
			productReference = 42CFA0C720B88C9800F38FDE /* BaseAppUITests.xctest */;
			productType = "com.apple.product-type.bundle.ui-testing";
		};
/* End PBXNativeTarget section */

/* Begin PBXProject section */
		42CFA0A020B88C9700F38FDE /* Project object */ = {
			isa = PBXProject;
			attributes = {
				LastSwiftUpdateCheck = 0930;
				LastUpgradeCheck = 0930;
				ORGANIZATIONNAME = "Michael Remondi";
				TargetAttributes = {
					42CFA0A720B88C9700F38FDE = {
						CreatedOnToolsVersion = 9.3.1;
					};
					42CFA0BB20B88C9800F38FDE = {
						CreatedOnToolsVersion = 9.3.1;
						TestTargetID = 42CFA0A720B88C9700F38FDE;
					};
					42CFA0C620B88C9800F38FDE = {
						CreatedOnToolsVersion = 9.3.1;
						TestTargetID = 42CFA0A720B88C9700F38FDE;
					};
				};
			};
			buildConfigurationList = 42CFA0A320B88C9700F38FDE /* Build configuration list for PBXProject "BaseApp" */;
			compatibilityVersion = "Xcode 9.3";
			developmentRegion = en;
			hasScannedForEncodings = 0;
			knownRegions = (
				en,
				Base,
			);
			mainGroup = 42CFA09F20B88C9700F38FDE;
			productRefGroup = 42CFA0A920B88C9700F38FDE /* Products */;
			projectDirPath = "";
			projectRoot = "";
			targets = (
				42CFA0A720B88C9700F38FDE /* BaseApp */,
				42CFA0BB20B88C9800F38FDE /* BaseAppTests */,
				42CFA0C620B88C9800F38FDE /* BaseAppUITests */,
			);
		};
/* End PBXProject section */

/* Begin PBXResourcesBuildPhase section */
		42CFA0A620B88C9700F38FDE /* Resources */ = {
			isa = PBXResourcesBuildPhase;
			buildActionMask = 2147483647;
			files = (
				421E838220BC67E200D7A9EC /* (null) in Resources */,
				42CFA0B620B88C9800F38FDE /* LaunchScreen.storyboard in Resources */,
				421E838320BC67E500D7A9EC /* (null) in Resources */,
				42CFA0B320B88C9800F38FDE /* Assets.xcassets in Resources */,
			);
			runOnlyForDeploymentPostprocessing = 0;
		};
		42CFA0BA20B88C9800F38FDE /* Resources */ = {
			isa = PBXResourcesBuildPhase;
			buildActionMask = 2147483647;
			files = (
				421E838520BC67EC00D7A9EC /* (null) in Resources */,
				421E838420BC67E900D7A9EC /* (null) in Resources */,
			);
			runOnlyForDeploymentPostprocessing = 0;
		};
		42CFA0C520B88C9800F38FDE /* Resources */ = {
			isa = PBXResourcesBuildPhase;
			buildActionMask = 2147483647;
			files = (
				421E838720BC67F200D7A9EC /* (null) in Resources */,
				421E838620BC67F000D7A9EC /* (null) in Resources */,
			);
			runOnlyForDeploymentPostprocessing = 0;
		};
/* End PBXResourcesBuildPhase section */

/* Begin PBXShellScriptBuildPhase section */
		223F41B771B16AC0B27C53AB /* [CP] Copy Pods Resources */ = {
			isa = PBXShellScriptBuildPhase;
			buildActionMask = 2147483647;
			files = (
			);
			inputPaths = (
			);
			name = "[CP] Copy Pods Resources";
			outputPaths = (
			);
			runOnlyForDeploymentPostprocessing = 0;
			shellPath = /bin/sh;
			shellScript = "\"${SRCROOT}/Pods/Target Support Files/Pods-BaseAppTests/Pods-BaseAppTests-resources.sh\"\n";
			showEnvVarsInLog = 0;
		};
		2823D2ADD0C320D9021DE96D /* [CP] Check Pods Manifest.lock */ = {
			isa = PBXShellScriptBuildPhase;
			buildActionMask = 2147483647;
			files = (
			);
			inputPaths = (
				"${PODS_PODFILE_DIR_PATH}/Podfile.lock",
				"${PODS_ROOT}/Manifest.lock",
			);
			name = "[CP] Check Pods Manifest.lock";
			outputPaths = (
				"$(DERIVED_FILE_DIR)/Pods-BaseAppUITests-checkManifestLockResult.txt",
			);
			runOnlyForDeploymentPostprocessing = 0;
			shellPath = /bin/sh;
			shellScript = "diff \"${PODS_PODFILE_DIR_PATH}/Podfile.lock\" \"${PODS_ROOT}/Manifest.lock\" > /dev/null\nif [ $? != 0 ] ; then\n    # print error to STDERR\n    echo \"error: The sandbox is not in sync with the Podfile.lock. Run 'pod install' or update your CocoaPods installation.\" >&2\n    exit 1\nfi\n# This output is used by Xcode 'outputs' to avoid re-running this script phase.\necho \"SUCCESS\" > \"${SCRIPT_OUTPUT_FILE_0}\"\n";
			showEnvVarsInLog = 0;
		};
		2C9F9BCA713E06141D6BC6FC /* [CP] Check Pods Manifest.lock */ = {
			isa = PBXShellScriptBuildPhase;
			buildActionMask = 2147483647;
			files = (
			);
			inputPaths = (
				"${PODS_PODFILE_DIR_PATH}/Podfile.lock",
				"${PODS_ROOT}/Manifest.lock",
			);
			name = "[CP] Check Pods Manifest.lock";
			outputPaths = (
				"$(DERIVED_FILE_DIR)/Pods-BaseAppTests-checkManifestLockResult.txt",
			);
			runOnlyForDeploymentPostprocessing = 0;
			shellPath = /bin/sh;
			shellScript = "diff \"${PODS_PODFILE_DIR_PATH}/Podfile.lock\" \"${PODS_ROOT}/Manifest.lock\" > /dev/null\nif [ $? != 0 ] ; then\n    # print error to STDERR\n    echo \"error: The sandbox is not in sync with the Podfile.lock. Run 'pod install' or update your CocoaPods installation.\" >&2\n    exit 1\nfi\n# This output is used by Xcode 'outputs' to avoid re-running this script phase.\necho \"SUCCESS\" > \"${SCRIPT_OUTPUT_FILE_0}\"\n";
			showEnvVarsInLog = 0;
		};
		63042A3026379156EEE28678 /* [CP] Embed Pods Frameworks */ = {
			isa = PBXShellScriptBuildPhase;
			buildActionMask = 2147483647;
			files = (
			);
			inputPaths = (
				"${SRCROOT}/Pods/Target Support Files/Pods-BaseAppUITests/Pods-BaseAppUITests-frameworks.sh",
				"${BUILT_PRODUCTS_DIR}/RxSwift/RxSwift.framework",
				"${BUILT_PRODUCTS_DIR}/RxBlocking/RxBlocking.framework",
				"${BUILT_PRODUCTS_DIR}/RxTest/RxTest.framework",
			);
			name = "[CP] Embed Pods Frameworks";
			outputPaths = (
				"${TARGET_BUILD_DIR}/${FRAMEWORKS_FOLDER_PATH}/RxSwift.framework",
				"${TARGET_BUILD_DIR}/${FRAMEWORKS_FOLDER_PATH}/RxBlocking.framework",
				"${TARGET_BUILD_DIR}/${FRAMEWORKS_FOLDER_PATH}/RxTest.framework",
			);
			runOnlyForDeploymentPostprocessing = 0;
			shellPath = /bin/sh;
			shellScript = "\"${SRCROOT}/Pods/Target Support Files/Pods-BaseAppUITests/Pods-BaseAppUITests-frameworks.sh\"\n";
			showEnvVarsInLog = 0;
		};
		841C6A897B9937CE5B03EA18 /* [CP] Check Pods Manifest.lock */ = {
			isa = PBXShellScriptBuildPhase;
			buildActionMask = 2147483647;
			files = (
			);
			inputPaths = (
				"${PODS_PODFILE_DIR_PATH}/Podfile.lock",
				"${PODS_ROOT}/Manifest.lock",
			);
			name = "[CP] Check Pods Manifest.lock";
			outputPaths = (
				"$(DERIVED_FILE_DIR)/Pods-BaseApp-checkManifestLockResult.txt",
			);
			runOnlyForDeploymentPostprocessing = 0;
			shellPath = /bin/sh;
			shellScript = "diff \"${PODS_PODFILE_DIR_PATH}/Podfile.lock\" \"${PODS_ROOT}/Manifest.lock\" > /dev/null\nif [ $? != 0 ] ; then\n    # print error to STDERR\n    echo \"error: The sandbox is not in sync with the Podfile.lock. Run 'pod install' or update your CocoaPods installation.\" >&2\n    exit 1\nfi\n# This output is used by Xcode 'outputs' to avoid re-running this script phase.\necho \"SUCCESS\" > \"${SCRIPT_OUTPUT_FILE_0}\"\n";
			showEnvVarsInLog = 0;
		};
		AC84854AB69AF9BF6832D762 /* [CP] Embed Pods Frameworks */ = {
			isa = PBXShellScriptBuildPhase;
			buildActionMask = 2147483647;
			files = (
			);
			inputPaths = (
				"${SRCROOT}/Pods/Target Support Files/Pods-BaseApp/Pods-BaseApp-frameworks.sh",
				"${BUILT_PRODUCTS_DIR}/Alamofire/Alamofire.framework",
				"${BUILT_PRODUCTS_DIR}/RxCocoa/RxCocoa.framework",
				"${BUILT_PRODUCTS_DIR}/RxSwift/RxSwift.framework",
			);
			name = "[CP] Embed Pods Frameworks";
			outputPaths = (
				"${TARGET_BUILD_DIR}/${FRAMEWORKS_FOLDER_PATH}/Alamofire.framework",
				"${TARGET_BUILD_DIR}/${FRAMEWORKS_FOLDER_PATH}/RxCocoa.framework",
				"${TARGET_BUILD_DIR}/${FRAMEWORKS_FOLDER_PATH}/RxSwift.framework",
			);
			runOnlyForDeploymentPostprocessing = 0;
			shellPath = /bin/sh;
			shellScript = "\"${SRCROOT}/Pods/Target Support Files/Pods-BaseApp/Pods-BaseApp-frameworks.sh\"\n";
			showEnvVarsInLog = 0;
		};
		C7367D0EFD4644B55A1399FD /* [CP] Copy Pods Resources */ = {
			isa = PBXShellScriptBuildPhase;
			buildActionMask = 2147483647;
			files = (
			);
			inputPaths = (
			);
			name = "[CP] Copy Pods Resources";
			outputPaths = (
			);
			runOnlyForDeploymentPostprocessing = 0;
			shellPath = /bin/sh;
			shellScript = "\"${SRCROOT}/Pods/Target Support Files/Pods-BaseApp/Pods-BaseApp-resources.sh\"\n";
			showEnvVarsInLog = 0;
		};
		D5D333A4324C23C97C309C1B /* [CP] Embed Pods Frameworks */ = {
			isa = PBXShellScriptBuildPhase;
			buildActionMask = 2147483647;
			files = (
			);
			inputPaths = (
			);
			name = "[CP] Embed Pods Frameworks";
			outputPaths = (
			);
			runOnlyForDeploymentPostprocessing = 0;
			shellPath = /bin/sh;
			shellScript = "\"${SRCROOT}/Pods/Target Support Files/Pods-BaseAppTests/Pods-BaseAppTests-frameworks.sh\"\n";
			showEnvVarsInLog = 0;
		};
		E3F91C5FB687D8F251E8D74B /* [CP] Copy Pods Resources */ = {
			isa = PBXShellScriptBuildPhase;
			buildActionMask = 2147483647;
			files = (
			);
			inputPaths = (
			);
			name = "[CP] Copy Pods Resources";
			outputPaths = (
			);
			runOnlyForDeploymentPostprocessing = 0;
			shellPath = /bin/sh;
			shellScript = "\"${SRCROOT}/Pods/Target Support Files/Pods-BaseAppUITests/Pods-BaseAppUITests-resources.sh\"\n";
			showEnvVarsInLog = 0;
		};
/* End PBXShellScriptBuildPhase section */

/* Begin PBXSourcesBuildPhase section */
		42CFA0A420B88C9700F38FDE /* Sources */ = {
			isa = PBXSourcesBuildPhase;
			buildActionMask = 2147483647;
			files = (
				42814E9D20B8968E00756BBE /* MainNavigator.swift in Sources */,
				42899B1E20BC60C5001665D7 /* 1ForgeAPIClient.swift in Sources */,
				42CFA0AE20B88C9700F38FDE /* HomeViewController.swift in Sources */,
				42814E9920B894D600756BBE /* Navigator.swift in Sources */,
				42814E9720B893F200756BBE /* HomeView.swift in Sources */,
				42814E9420B8939200756BBE /* UIViewExtensions.swift in Sources */,
				42814EA020B8978F00756BBE /* ViewControllerFactory.swift in Sources */,
				42CFA0AC20B88C9700F38FDE /* AppDelegate.swift in Sources */,
				42814EA520B89FAD00756BBE /* Repository.swift in Sources */,
				42814EA220B897CB00756BBE /* DependencyContainer.swift in Sources */,
				42814E9B20B8956D00756BBE /* AppNavigator.swift in Sources */,
				42814EA720B8A02800756BBE /* User.swift in Sources */,
			);
			runOnlyForDeploymentPostprocessing = 0;
		};
		42CFA0B820B88C9800F38FDE /* Sources */ = {
			isa = PBXSourcesBuildPhase;
			buildActionMask = 2147483647;
			files = (
				42CFA0C120B88C9800F38FDE /* BaseAppTests.swift in Sources */,
			);
			runOnlyForDeploymentPostprocessing = 0;
		};
		42CFA0C320B88C9800F38FDE /* Sources */ = {
			isa = PBXSourcesBuildPhase;
			buildActionMask = 2147483647;
			files = (
				42CFA0CC20B88C9800F38FDE /* BaseAppUITests.swift in Sources */,
			);
			runOnlyForDeploymentPostprocessing = 0;
		};
/* End PBXSourcesBuildPhase section */

/* Begin PBXTargetDependency section */
		42CFA0BE20B88C9800F38FDE /* PBXTargetDependency */ = {
			isa = PBXTargetDependency;
			target = 42CFA0A720B88C9700F38FDE /* BaseApp */;
			targetProxy = 42CFA0BD20B88C9800F38FDE /* PBXContainerItemProxy */;
		};
		42CFA0C920B88C9800F38FDE /* PBXTargetDependency */ = {
			isa = PBXTargetDependency;
			target = 42CFA0A720B88C9700F38FDE /* BaseApp */;
			targetProxy = 42CFA0C820B88C9800F38FDE /* PBXContainerItemProxy */;
		};
/* End PBXTargetDependency section */

/* Begin PBXVariantGroup section */
		42CFA0B420B88C9800F38FDE /* LaunchScreen.storyboard */ = {
			isa = PBXVariantGroup;
			children = (
				42CFA0B520B88C9800F38FDE /* Base */,
			);
			name = LaunchScreen.storyboard;
			sourceTree = "<group>";
		};
/* End PBXVariantGroup section */

/* Begin XCBuildConfiguration section */
		42CFA0CE20B88C9800F38FDE /* Debug */ = {
			isa = XCBuildConfiguration;
			buildSettings = {
				ALWAYS_SEARCH_USER_PATHS = NO;
				CLANG_ANALYZER_NONNULL = YES;
				CLANG_ANALYZER_NUMBER_OBJECT_CONVERSION = YES_AGGRESSIVE;
				CLANG_CXX_LANGUAGE_STANDARD = "gnu++14";
				CLANG_CXX_LIBRARY = "libc++";
				CLANG_ENABLE_MODULES = YES;
				CLANG_ENABLE_OBJC_ARC = YES;
				CLANG_ENABLE_OBJC_WEAK = YES;
				CLANG_WARN_BLOCK_CAPTURE_AUTORELEASING = YES;
				CLANG_WARN_BOOL_CONVERSION = YES;
				CLANG_WARN_COMMA = YES;
				CLANG_WARN_CONSTANT_CONVERSION = YES;
				CLANG_WARN_DEPRECATED_OBJC_IMPLEMENTATIONS = YES;
				CLANG_WARN_DIRECT_OBJC_ISA_USAGE = YES_ERROR;
				CLANG_WARN_DOCUMENTATION_COMMENTS = YES;
				CLANG_WARN_EMPTY_BODY = YES;
				CLANG_WARN_ENUM_CONVERSION = YES;
				CLANG_WARN_INFINITE_RECURSION = YES;
				CLANG_WARN_INT_CONVERSION = YES;
				CLANG_WARN_NON_LITERAL_NULL_CONVERSION = YES;
				CLANG_WARN_OBJC_IMPLICIT_RETAIN_SELF = YES;
				CLANG_WARN_OBJC_LITERAL_CONVERSION = YES;
				CLANG_WARN_OBJC_ROOT_CLASS = YES_ERROR;
				CLANG_WARN_RANGE_LOOP_ANALYSIS = YES;
				CLANG_WARN_STRICT_PROTOTYPES = YES;
				CLANG_WARN_SUSPICIOUS_MOVE = YES;
				CLANG_WARN_UNGUARDED_AVAILABILITY = YES_AGGRESSIVE;
				CLANG_WARN_UNREACHABLE_CODE = YES;
				CLANG_WARN__DUPLICATE_METHOD_MATCH = YES;
				CODE_SIGN_IDENTITY = "iPhone Developer";
				COPY_PHASE_STRIP = NO;
				DEBUG_INFORMATION_FORMAT = dwarf;
				ENABLE_STRICT_OBJC_MSGSEND = YES;
				ENABLE_TESTABILITY = YES;
				GCC_C_LANGUAGE_STANDARD = gnu11;
				GCC_DYNAMIC_NO_PIC = NO;
				GCC_NO_COMMON_BLOCKS = YES;
				GCC_OPTIMIZATION_LEVEL = 0;
				GCC_PREPROCESSOR_DEFINITIONS = (
					"DEBUG=1",
					"$(inherited)",
				);
				GCC_WARN_64_TO_32_BIT_CONVERSION = YES;
				GCC_WARN_ABOUT_RETURN_TYPE = YES_ERROR;
				GCC_WARN_UNDECLARED_SELECTOR = YES;
				GCC_WARN_UNINITIALIZED_AUTOS = YES_AGGRESSIVE;
				GCC_WARN_UNUSED_FUNCTION = YES;
				GCC_WARN_UNUSED_VARIABLE = YES;
				IPHONEOS_DEPLOYMENT_TARGET = 11.3;
				MTL_ENABLE_DEBUG_INFO = YES;
				ONLY_ACTIVE_ARCH = YES;
				SDKROOT = iphoneos;
				SWIFT_ACTIVE_COMPILATION_CONDITIONS = DEBUG;
				SWIFT_OPTIMIZATION_LEVEL = "-Onone";
			};
			name = Debug;
		};
		42CFA0CF20B88C9800F38FDE /* Release */ = {
			isa = XCBuildConfiguration;
			buildSettings = {
				ALWAYS_SEARCH_USER_PATHS = NO;
				CLANG_ANALYZER_NONNULL = YES;
				CLANG_ANALYZER_NUMBER_OBJECT_CONVERSION = YES_AGGRESSIVE;
				CLANG_CXX_LANGUAGE_STANDARD = "gnu++14";
				CLANG_CXX_LIBRARY = "libc++";
				CLANG_ENABLE_MODULES = YES;
				CLANG_ENABLE_OBJC_ARC = YES;
				CLANG_ENABLE_OBJC_WEAK = YES;
				CLANG_WARN_BLOCK_CAPTURE_AUTORELEASING = YES;
				CLANG_WARN_BOOL_CONVERSION = YES;
				CLANG_WARN_COMMA = YES;
				CLANG_WARN_CONSTANT_CONVERSION = YES;
				CLANG_WARN_DEPRECATED_OBJC_IMPLEMENTATIONS = YES;
				CLANG_WARN_DIRECT_OBJC_ISA_USAGE = YES_ERROR;
				CLANG_WARN_DOCUMENTATION_COMMENTS = YES;
				CLANG_WARN_EMPTY_BODY = YES;
				CLANG_WARN_ENUM_CONVERSION = YES;
				CLANG_WARN_INFINITE_RECURSION = YES;
				CLANG_WARN_INT_CONVERSION = YES;
				CLANG_WARN_NON_LITERAL_NULL_CONVERSION = YES;
				CLANG_WARN_OBJC_IMPLICIT_RETAIN_SELF = YES;
				CLANG_WARN_OBJC_LITERAL_CONVERSION = YES;
				CLANG_WARN_OBJC_ROOT_CLASS = YES_ERROR;
				CLANG_WARN_RANGE_LOOP_ANALYSIS = YES;
				CLANG_WARN_STRICT_PROTOTYPES = YES;
				CLANG_WARN_SUSPICIOUS_MOVE = YES;
				CLANG_WARN_UNGUARDED_AVAILABILITY = YES_AGGRESSIVE;
				CLANG_WARN_UNREACHABLE_CODE = YES;
				CLANG_WARN__DUPLICATE_METHOD_MATCH = YES;
				CODE_SIGN_IDENTITY = "iPhone Developer";
				COPY_PHASE_STRIP = NO;
				DEBUG_INFORMATION_FORMAT = "dwarf-with-dsym";
				ENABLE_NS_ASSERTIONS = NO;
				ENABLE_STRICT_OBJC_MSGSEND = YES;
				GCC_C_LANGUAGE_STANDARD = gnu11;
				GCC_NO_COMMON_BLOCKS = YES;
				GCC_WARN_64_TO_32_BIT_CONVERSION = YES;
				GCC_WARN_ABOUT_RETURN_TYPE = YES_ERROR;
				GCC_WARN_UNDECLARED_SELECTOR = YES;
				GCC_WARN_UNINITIALIZED_AUTOS = YES_AGGRESSIVE;
				GCC_WARN_UNUSED_FUNCTION = YES;
				GCC_WARN_UNUSED_VARIABLE = YES;
				IPHONEOS_DEPLOYMENT_TARGET = 11.3;
				MTL_ENABLE_DEBUG_INFO = NO;
				SDKROOT = iphoneos;
				SWIFT_COMPILATION_MODE = wholemodule;
				SWIFT_OPTIMIZATION_LEVEL = "-O";
				VALIDATE_PRODUCT = YES;
			};
			name = Release;
		};
		42CFA0D120B88C9900F38FDE /* Debug */ = {
			isa = XCBuildConfiguration;
			baseConfigurationReference = 0D9F488947F9BA9EB7D5B25E /* Pods-BaseApp.debug.xcconfig */;
			buildSettings = {
				ASSETCATALOG_COMPILER_APPICON_NAME = AppIcon;
				CODE_SIGN_STYLE = Automatic;
				DEVELOPMENT_TEAM = S3U63VAY3H;
				FRAMEWORK_SEARCH_PATHS = "";
				INFOPLIST_FILE = BaseApp/Info.plist;
				IPHONEOS_DEPLOYMENT_TARGET = 11.0;
				LD_RUNPATH_SEARCH_PATHS = (
					"$(inherited)",
					"@executable_path/Frameworks",
				);
				PRODUCT_BUNDLE_IDENTIFIER = com.michaelremondi.BaseApp;
				PRODUCT_NAME = "$(TARGET_NAME)";
				SWIFT_VERSION = 4.0;
				TARGETED_DEVICE_FAMILY = 1;
			};
			name = Debug;
		};
		42CFA0D220B88C9900F38FDE /* Release */ = {
			isa = XCBuildConfiguration;
			baseConfigurationReference = 1CCC7331F045403623D42900 /* Pods-BaseApp.release.xcconfig */;
			buildSettings = {
				ASSETCATALOG_COMPILER_APPICON_NAME = AppIcon;
				CODE_SIGN_STYLE = Automatic;
				DEVELOPMENT_TEAM = S3U63VAY3H;
				FRAMEWORK_SEARCH_PATHS = "";
				INFOPLIST_FILE = BaseApp/Info.plist;
				IPHONEOS_DEPLOYMENT_TARGET = 11.0;
				LD_RUNPATH_SEARCH_PATHS = (
					"$(inherited)",
					"@executable_path/Frameworks",
				);
				PRODUCT_BUNDLE_IDENTIFIER = com.michaelremondi.BaseApp;
				PRODUCT_NAME = "$(TARGET_NAME)";
				SWIFT_VERSION = 4.0;
				TARGETED_DEVICE_FAMILY = 1;
			};
			name = Release;
		};
		42CFA0D420B88C9900F38FDE /* Debug */ = {
			isa = XCBuildConfiguration;
			baseConfigurationReference = 9247B2BE1604880E12FDA16E /* Pods-BaseAppTests.debug.xcconfig */;
			buildSettings = {
				ALWAYS_EMBED_SWIFT_STANDARD_LIBRARIES = YES;
				BUNDLE_LOADER = "$(TEST_HOST)";
				CODE_SIGN_STYLE = Automatic;
				DEVELOPMENT_TEAM = 9BB59YPT7H;
				FRAMEWORK_SEARCH_PATHS = "";
				INFOPLIST_FILE = BaseAppTests/Info.plist;
				LD_RUNPATH_SEARCH_PATHS = (
					"$(inherited)",
					"@executable_path/Frameworks",
					"@loader_path/Frameworks",
				);
				PRODUCT_BUNDLE_IDENTIFIER = com.michaelremondi.BaseAppTests;
				PRODUCT_NAME = "$(TARGET_NAME)";
				SWIFT_VERSION = 4.0;
				TARGETED_DEVICE_FAMILY = "1,2";
				TEST_HOST = "$(BUILT_PRODUCTS_DIR)/BaseApp.app/BaseApp";
			};
			name = Debug;
		};
		42CFA0D520B88C9900F38FDE /* Release */ = {
			isa = XCBuildConfiguration;
			baseConfigurationReference = C7EF7FED21AF1182B74058B6 /* Pods-BaseAppTests.release.xcconfig */;
			buildSettings = {
				ALWAYS_EMBED_SWIFT_STANDARD_LIBRARIES = YES;
				BUNDLE_LOADER = "$(TEST_HOST)";
				CODE_SIGN_STYLE = Automatic;
				DEVELOPMENT_TEAM = 9BB59YPT7H;
				FRAMEWORK_SEARCH_PATHS = "";
				INFOPLIST_FILE = BaseAppTests/Info.plist;
				LD_RUNPATH_SEARCH_PATHS = (
					"$(inherited)",
					"@executable_path/Frameworks",
					"@loader_path/Frameworks",
				);
				PRODUCT_BUNDLE_IDENTIFIER = com.michaelremondi.BaseAppTests;
				PRODUCT_NAME = "$(TARGET_NAME)";
				SWIFT_VERSION = 4.0;
				TARGETED_DEVICE_FAMILY = "1,2";
				TEST_HOST = "$(BUILT_PRODUCTS_DIR)/BaseApp.app/BaseApp";
			};
			name = Release;
		};
		42CFA0D720B88C9900F38FDE /* Debug */ = {
			isa = XCBuildConfiguration;
			baseConfigurationReference = F0DE3BA7285F23CD1C7E33C3 /* Pods-BaseAppUITests.debug.xcconfig */;
			buildSettings = {
				ALWAYS_EMBED_SWIFT_STANDARD_LIBRARIES = YES;
				CODE_SIGN_STYLE = Automatic;
				DEVELOPMENT_TEAM = S3U63VAY3H;
				FRAMEWORK_SEARCH_PATHS = "";
				INFOPLIST_FILE = BaseAppUITests/Info.plist;
				LD_RUNPATH_SEARCH_PATHS = (
					"$(inherited)",
					"@executable_path/Frameworks",
					"@loader_path/Frameworks",
				);
				PRODUCT_BUNDLE_IDENTIFIER = com.michaelremondi.BaseAppUITests;
				PRODUCT_NAME = "$(TARGET_NAME)";
				SWIFT_VERSION = 4.0;
				TARGETED_DEVICE_FAMILY = "1,2";
				TEST_TARGET_NAME = BaseApp;
			};
			name = Debug;
		};
		42CFA0D820B88C9900F38FDE /* Release */ = {
			isa = XCBuildConfiguration;
			baseConfigurationReference = 1989F5E0D8BA5F8921FE42A6 /* Pods-BaseAppUITests.release.xcconfig */;
			buildSettings = {
				ALWAYS_EMBED_SWIFT_STANDARD_LIBRARIES = YES;
				CODE_SIGN_STYLE = Automatic;
				DEVELOPMENT_TEAM = S3U63VAY3H;
				FRAMEWORK_SEARCH_PATHS = "";
				INFOPLIST_FILE = BaseAppUITests/Info.plist;
				LD_RUNPATH_SEARCH_PATHS = (
					"$(inherited)",
					"@executable_path/Frameworks",
					"@loader_path/Frameworks",
				);
				PRODUCT_BUNDLE_IDENTIFIER = com.michaelremondi.BaseAppUITests;
				PRODUCT_NAME = "$(TARGET_NAME)";
				SWIFT_VERSION = 4.0;
				TARGETED_DEVICE_FAMILY = "1,2";
				TEST_TARGET_NAME = BaseApp;
			};
			name = Release;
		};
/* End XCBuildConfiguration section */

/* Begin XCConfigurationList section */
		42CFA0A320B88C9700F38FDE /* Build configuration list for PBXProject "BaseApp" */ = {
			isa = XCConfigurationList;
			buildConfigurations = (
				42CFA0CE20B88C9800F38FDE /* Debug */,
				42CFA0CF20B88C9800F38FDE /* Release */,
			);
			defaultConfigurationIsVisible = 0;
			defaultConfigurationName = Release;
		};
		42CFA0D020B88C9900F38FDE /* Build configuration list for PBXNativeTarget "BaseApp" */ = {
			isa = XCConfigurationList;
			buildConfigurations = (
				42CFA0D120B88C9900F38FDE /* Debug */,
				42CFA0D220B88C9900F38FDE /* Release */,
			);
			defaultConfigurationIsVisible = 0;
			defaultConfigurationName = Release;
		};
		42CFA0D320B88C9900F38FDE /* Build configuration list for PBXNativeTarget "BaseAppTests" */ = {
			isa = XCConfigurationList;
			buildConfigurations = (
				42CFA0D420B88C9900F38FDE /* Debug */,
				42CFA0D520B88C9900F38FDE /* Release */,
			);
			defaultConfigurationIsVisible = 0;
			defaultConfigurationName = Release;
		};
		42CFA0D620B88C9900F38FDE /* Build configuration list for PBXNativeTarget "BaseAppUITests" */ = {
			isa = XCConfigurationList;
			buildConfigurations = (
				42CFA0D720B88C9900F38FDE /* Debug */,
				42CFA0D820B88C9900F38FDE /* Release */,
			);
			defaultConfigurationIsVisible = 0;
			defaultConfigurationName = Release;
		};
/* End XCConfigurationList section */
	};
	rootObject = 42CFA0A020B88C9700F38FDE /* Project object */;
}
